// !$*UTF8*$!
{
	archiveVersion = 1;
	classes = {
	};
	objectVersion = 56;
	objects = {

/* Begin PBXBuildFile section */
		BCD9CB362C117B7F00FC0C57 /* AppDelegate.swift in Sources */ = {isa = PBXBuildFile; fileRef = BCD9CB352C117B7F00FC0C57 /* AppDelegate.swift */; };
		BCD9CB382C117B7F00FC0C57 /* SceneDelegate.swift in Sources */ = {isa = PBXBuildFile; fileRef = BCD9CB372C117B7F00FC0C57 /* SceneDelegate.swift */; };
		BCD9CB3F2C117B8000FC0C57 /* Assets.xcassets in Resources */ = {isa = PBXBuildFile; fileRef = BCD9CB3E2C117B8000FC0C57 /* Assets.xcassets */; };
		BCD9CB422C117B8000FC0C57 /* Base in Resources */ = {isa = PBXBuildFile; fileRef = BCD9CB412C117B8000FC0C57 /* Base */; };
		BCD9CB4A2C117ECD00FC0C57 /* .gitignore in Resources */ = {isa = PBXBuildFile; fileRef = BCD9CB492C117ECD00FC0C57 /* .gitignore */; };
		BCD9CB4D2C11831200FC0C57 /* ReusableIdentifier.swift in Sources */ = {isa = PBXBuildFile; fileRef = BCD9CB4C2C11831200FC0C57 /* ReusableIdentifier.swift */; };
		BCD9CB4F2C11834400FC0C57 /* ViewTransition.swift in Sources */ = {isa = PBXBuildFile; fileRef = BCD9CB4E2C11834400FC0C57 /* ViewTransition.swift */; };
		BCD9CB512C11838600FC0C57 /* APIKey.swift in Sources */ = {isa = PBXBuildFile; fileRef = BCD9CB502C11838600FC0C57 /* APIKey.swift */; };
		BCD9CB532C1183A800FC0C57 /* CodeBaseUI.swift in Sources */ = {isa = PBXBuildFile; fileRef = BCD9CB522C1183A800FC0C57 /* CodeBaseUI.swift */; };
		BCD9CB5C2C11A2A900FC0C57 /* SelectViewTable.swift in Sources */ = {isa = PBXBuildFile; fileRef = BCD9CB5B2C11A2A900FC0C57 /* SelectViewTable.swift */; };
		BCD9CB5F2C11A37C00FC0C57 /* SnapKit in Frameworks */ = {isa = PBXBuildFile; productRef = BCD9CB5E2C11A37C00FC0C57 /* SnapKit */; };
		BCD9CB612C11A48300FC0C57 /* Damagochi.swift in Sources */ = {isa = PBXBuildFile; fileRef = BCD9CB602C11A48300FC0C57 /* Damagochi.swift */; };
		BCD9CB632C11A63500FC0C57 /* UIValue.swift in Sources */ = {isa = PBXBuildFile; fileRef = BCD9CB622C11A63500FC0C57 /* UIValue.swift */; };
		BCD9CB652C11A82600FC0C57 /* ViewController.swift in Sources */ = {isa = PBXBuildFile; fileRef = BCD9CB642C11A82600FC0C57 /* ViewController.swift */; };
		BCD9CB672C11AACC00FC0C57 /* SelectTableViewCell.swift in Sources */ = {isa = PBXBuildFile; fileRef = BCD9CB662C11AACC00FC0C57 /* SelectTableViewCell.swift */; };
		BCD9CB6A2C11ADA000FC0C57 /* Kingfisher in Frameworks */ = {isa = PBXBuildFile; productRef = BCD9CB692C11ADA000FC0C57 /* Kingfisher */; };
		BCD9CB6C2C11BF0000FC0C57 /* SelectViewController.swift in Sources */ = {isa = PBXBuildFile; fileRef = BCD9CB6B2C11BF0000FC0C57 /* SelectViewController.swift */; };
		BCD9CB6E2C11C2D300FC0C57 /* SelectCollectionViewCell.swift in Sources */ = {isa = PBXBuildFile; fileRef = BCD9CB6D2C11C2D300FC0C57 /* SelectCollectionViewCell.swift */; };
		BCD9CB712C11C36D00FC0C57 /* Then in Frameworks */ = {isa = PBXBuildFile; productRef = BCD9CB702C11C36D00FC0C57 /* Then */; };
		BCD9CB732C12D75900FC0C57 /* Error.swift in Sources */ = {isa = PBXBuildFile; fileRef = BCD9CB722C12D75900FC0C57 /* Error.swift */; };
		BCD9CB752C12DCDF00FC0C57 /* ViewUIValue.swift in Sources */ = {isa = PBXBuildFile; fileRef = BCD9CB742C12DCDF00FC0C57 /* ViewUIValue.swift */; };
		BCD9CB772C12DDFD00FC0C57 /* UIViewController+Extension.swift in Sources */ = {isa = PBXBuildFile; fileRef = BCD9CB762C12DDFD00FC0C57 /* UIViewController+Extension.swift */; };
		BCD9CB792C12E4C500FC0C57 /* SelectedItemViewController.swift in Sources */ = {isa = PBXBuildFile; fileRef = BCD9CB782C12E4C500FC0C57 /* SelectedItemViewController.swift */; };
		BCD9CB7B2C12F62100FC0C57 /* MainViewController.swift in Sources */ = {isa = PBXBuildFile; fileRef = BCD9CB7A2C12F62100FC0C57 /* MainViewController.swift */; };
		BCD9CB7D2C12F6B800FC0C57 /* User.swift in Sources */ = {isa = PBXBuildFile; fileRef = BCD9CB7C2C12F6B800FC0C57 /* User.swift */; };
		BCD9CB7F2C13213900FC0C57 /* UserDefaultsManger.swift in Sources */ = {isa = PBXBuildFile; fileRef = BCD9CB7E2C13213900FC0C57 /* UserDefaultsManger.swift */; };
		BCD9CB812C13248300FC0C57 /* State.swift in Sources */ = {isa = PBXBuildFile; fileRef = BCD9CB802C13248300FC0C57 /* State.swift */; };
/* End PBXBuildFile section */

/* Begin PBXFileReference section */
		BCD9CB322C117B7F00FC0C57 /* Damagochi.app */ = {isa = PBXFileReference; explicitFileType = wrapper.application; includeInIndex = 0; path = Damagochi.app; sourceTree = BUILT_PRODUCTS_DIR; };
		BCD9CB352C117B7F00FC0C57 /* AppDelegate.swift */ = {isa = PBXFileReference; lastKnownFileType = sourcecode.swift; path = AppDelegate.swift; sourceTree = "<group>"; };
		BCD9CB372C117B7F00FC0C57 /* SceneDelegate.swift */ = {isa = PBXFileReference; lastKnownFileType = sourcecode.swift; path = SceneDelegate.swift; sourceTree = "<group>"; };
		BCD9CB3E2C117B8000FC0C57 /* Assets.xcassets */ = {isa = PBXFileReference; lastKnownFileType = folder.assetcatalog; path = Assets.xcassets; sourceTree = "<group>"; };
		BCD9CB412C117B8000FC0C57 /* Base */ = {isa = PBXFileReference; lastKnownFileType = file.storyboard; name = Base; path = Base.lproj/LaunchScreen.storyboard; sourceTree = "<group>"; };
		BCD9CB432C117B8000FC0C57 /* Info.plist */ = {isa = PBXFileReference; lastKnownFileType = text.plist.xml; path = Info.plist; sourceTree = "<group>"; };
		BCD9CB492C117ECD00FC0C57 /* .gitignore */ = {isa = PBXFileReference; lastKnownFileType = text; path = .gitignore; sourceTree = "<group>"; };
		BCD9CB4C2C11831200FC0C57 /* ReusableIdentifier.swift */ = {isa = PBXFileReference; lastKnownFileType = sourcecode.swift; path = ReusableIdentifier.swift; sourceTree = "<group>"; };
		BCD9CB4E2C11834400FC0C57 /* ViewTransition.swift */ = {isa = PBXFileReference; lastKnownFileType = sourcecode.swift; path = ViewTransition.swift; sourceTree = "<group>"; };
		BCD9CB502C11838600FC0C57 /* APIKey.swift */ = {isa = PBXFileReference; lastKnownFileType = sourcecode.swift; path = APIKey.swift; sourceTree = "<group>"; };
		BCD9CB522C1183A800FC0C57 /* CodeBaseUI.swift */ = {isa = PBXFileReference; lastKnownFileType = sourcecode.swift; path = CodeBaseUI.swift; sourceTree = "<group>"; };
		BCD9CB5B2C11A2A900FC0C57 /* SelectViewTable.swift */ = {isa = PBXFileReference; lastKnownFileType = sourcecode.swift; path = SelectViewTable.swift; sourceTree = "<group>"; };
		BCD9CB602C11A48300FC0C57 /* Damagochi.swift */ = {isa = PBXFileReference; lastKnownFileType = sourcecode.swift; path = Damagochi.swift; sourceTree = "<group>"; };
		BCD9CB622C11A63500FC0C57 /* UIValue.swift */ = {isa = PBXFileReference; lastKnownFileType = sourcecode.swift; path = UIValue.swift; sourceTree = "<group>"; };
		BCD9CB642C11A82600FC0C57 /* ViewController.swift */ = {isa = PBXFileReference; lastKnownFileType = sourcecode.swift; path = ViewController.swift; sourceTree = "<group>"; };
		BCD9CB662C11AACC00FC0C57 /* SelectTableViewCell.swift */ = {isa = PBXFileReference; lastKnownFileType = sourcecode.swift; path = SelectTableViewCell.swift; sourceTree = "<group>"; };
		BCD9CB6B2C11BF0000FC0C57 /* SelectViewController.swift */ = {isa = PBXFileReference; lastKnownFileType = sourcecode.swift; path = SelectViewController.swift; sourceTree = "<group>"; };
		BCD9CB6D2C11C2D300FC0C57 /* SelectCollectionViewCell.swift */ = {isa = PBXFileReference; lastKnownFileType = sourcecode.swift; path = SelectCollectionViewCell.swift; sourceTree = "<group>"; };
		BCD9CB722C12D75900FC0C57 /* Error.swift */ = {isa = PBXFileReference; lastKnownFileType = sourcecode.swift; path = Error.swift; sourceTree = "<group>"; };
		BCD9CB742C12DCDF00FC0C57 /* ViewUIValue.swift */ = {isa = PBXFileReference; lastKnownFileType = sourcecode.swift; path = ViewUIValue.swift; sourceTree = "<group>"; };
		BCD9CB762C12DDFD00FC0C57 /* UIViewController+Extension.swift */ = {isa = PBXFileReference; lastKnownFileType = sourcecode.swift; path = "UIViewController+Extension.swift"; sourceTree = "<group>"; };
		BCD9CB782C12E4C500FC0C57 /* SelectedItemViewController.swift */ = {isa = PBXFileReference; lastKnownFileType = sourcecode.swift; path = SelectedItemViewController.swift; sourceTree = "<group>"; };
		BCD9CB7A2C12F62100FC0C57 /* MainViewController.swift */ = {isa = PBXFileReference; lastKnownFileType = sourcecode.swift; path = MainViewController.swift; sourceTree = "<group>"; };
		BCD9CB7C2C12F6B800FC0C57 /* User.swift */ = {isa = PBXFileReference; lastKnownFileType = sourcecode.swift; path = User.swift; sourceTree = "<group>"; };
		BCD9CB7E2C13213900FC0C57 /* UserDefaultsManger.swift */ = {isa = PBXFileReference; lastKnownFileType = sourcecode.swift; path = UserDefaultsManger.swift; sourceTree = "<group>"; };
		BCD9CB802C13248300FC0C57 /* State.swift */ = {isa = PBXFileReference; lastKnownFileType = sourcecode.swift; path = State.swift; sourceTree = "<group>"; };
/* End PBXFileReference section */

/* Begin PBXFrameworksBuildPhase section */
		BCD9CB2F2C117B7F00FC0C57 /* Frameworks */ = {
			isa = PBXFrameworksBuildPhase;
			buildActionMask = 2147483647;
			files = (
				BCD9CB6A2C11ADA000FC0C57 /* Kingfisher in Frameworks */,
				BCD9CB712C11C36D00FC0C57 /* Then in Frameworks */,
				BCD9CB5F2C11A37C00FC0C57 /* SnapKit in Frameworks */,
			);
			runOnlyForDeploymentPostprocessing = 0;
		};
/* End PBXFrameworksBuildPhase section */

/* Begin PBXGroup section */
		BCD9CB292C117B7F00FC0C57 = {
			isa = PBXGroup;
			children = (
				BCD9CB492C117ECD00FC0C57 /* .gitignore */,
				BCD9CB342C117B7F00FC0C57 /* Damagochi */,
				BCD9CB332C117B7F00FC0C57 /* Products */,
			);
			sourceTree = "<group>";
		};
		BCD9CB332C117B7F00FC0C57 /* Products */ = {
			isa = PBXGroup;
			children = (
				BCD9CB322C117B7F00FC0C57 /* Damagochi.app */,
			);
			name = Products;
			sourceTree = "<group>";
		};
		BCD9CB342C117B7F00FC0C57 /* Damagochi */ = {
			isa = PBXGroup;
			children = (
				BCD9CB4B2C1182F000FC0C57 /* Common */,
				BCD9CB5A2C11865700FC0C57 /* Resource */,
				BCD9CB552C11842300FC0C57 /* View */,
				BCD9CB352C117B7F00FC0C57 /* AppDelegate.swift */,
				BCD9CB372C117B7F00FC0C57 /* SceneDelegate.swift */,
				BCD9CB3E2C117B8000FC0C57 /* Assets.xcassets */,
				BCD9CB402C117B8000FC0C57 /* LaunchScreen.storyboard */,
				BCD9CB432C117B8000FC0C57 /* Info.plist */,
				BCD9CB642C11A82600FC0C57 /* ViewController.swift */,
			);
			path = Damagochi;
			sourceTree = "<group>";
		};
		BCD9CB4B2C1182F000FC0C57 /* Common */ = {
			isa = PBXGroup;
			children = (
				BCD9CB522C1183A800FC0C57 /* CodeBaseUI.swift */,
				BCD9CB4C2C11831200FC0C57 /* ReusableIdentifier.swift */,
				BCD9CB4E2C11834400FC0C57 /* ViewTransition.swift */,
				BCD9CB502C11838600FC0C57 /* APIKey.swift */,
				BCD9CB802C13248300FC0C57 /* State.swift */,
			);
			path = Common;
			sourceTree = "<group>";
		};
		BCD9CB552C11842300FC0C57 /* View */ = {
			isa = PBXGroup;
			children = (
				BCD9CB592C11851F00FC0C57 /* Extension */,
				BCD9CB582C1184ED00FC0C57 /* MainView */,
				BCD9CB572C1184DD00FC0C57 /* SettingView */,
				BCD9CB562C11843B00FC0C57 /* SelectView */,
			);
			name = View;
			sourceTree = "<group>";
		};
		BCD9CB562C11843B00FC0C57 /* SelectView */ = {
			isa = PBXGroup;
			children = (
				BCD9CB5B2C11A2A900FC0C57 /* SelectViewTable.swift */,
				BCD9CB662C11AACC00FC0C57 /* SelectTableViewCell.swift */,
				BCD9CB6B2C11BF0000FC0C57 /* SelectViewController.swift */,
				BCD9CB6D2C11C2D300FC0C57 /* SelectCollectionViewCell.swift */,
				BCD9CB782C12E4C500FC0C57 /* SelectedItemViewController.swift */,
			);
			name = SelectView;
			sourceTree = "<group>";
		};
		BCD9CB572C1184DD00FC0C57 /* SettingView */ = {
			isa = PBXGroup;
			children = (
			);
			name = SettingView;
			sourceTree = "<group>";
		};
		BCD9CB582C1184ED00FC0C57 /* MainView */ = {
			isa = PBXGroup;
			children = (
				BCD9CB7A2C12F62100FC0C57 /* MainViewController.swift */,
			);
			name = MainView;
			sourceTree = "<group>";
		};
		BCD9CB592C11851F00FC0C57 /* Extension */ = {
			isa = PBXGroup;
			children = (
				BCD9CB762C12DDFD00FC0C57 /* UIViewController+Extension.swift */,
			);
			name = Extension;
			sourceTree = "<group>";
		};
		BCD9CB5A2C11865700FC0C57 /* Resource */ = {
			isa = PBXGroup;
			children = (
				BCD9CB602C11A48300FC0C57 /* Damagochi.swift */,
				BCD9CB622C11A63500FC0C57 /* UIValue.swift */,
				BCD9CB722C12D75900FC0C57 /* Error.swift */,
				BCD9CB742C12DCDF00FC0C57 /* ViewUIValue.swift */,
				BCD9CB7C2C12F6B800FC0C57 /* User.swift */,
				BCD9CB7E2C13213900FC0C57 /* UserDefaultsManger.swift */,
			);
			path = Resource;
			sourceTree = "<group>";
		};
/* End PBXGroup section */

/* Begin PBXNativeTarget section */
		BCD9CB312C117B7F00FC0C57 /* Damagochi */ = {
			isa = PBXNativeTarget;
			buildConfigurationList = BCD9CB462C117B8000FC0C57 /* Build configuration list for PBXNativeTarget "Damagochi" */;
			buildPhases = (
				BCD9CB2E2C117B7F00FC0C57 /* Sources */,
				BCD9CB2F2C117B7F00FC0C57 /* Frameworks */,
				BCD9CB302C117B7F00FC0C57 /* Resources */,
			);
			buildRules = (
			);
			dependencies = (
			);
			name = Damagochi;
			packageProductDependencies = (
				BCD9CB5E2C11A37C00FC0C57 /* SnapKit */,
				BCD9CB692C11ADA000FC0C57 /* Kingfisher */,
				BCD9CB702C11C36D00FC0C57 /* Then */,
			);
			productName = Damagochi;
			productReference = BCD9CB322C117B7F00FC0C57 /* Damagochi.app */;
			productType = "com.apple.product-type.application";
		};
/* End PBXNativeTarget section */

/* Begin PBXProject section */
		BCD9CB2A2C117B7F00FC0C57 /* Project object */ = {
			isa = PBXProject;
			attributes = {
				BuildIndependentTargetsInParallel = 1;
				LastSwiftUpdateCheck = 1540;
				LastUpgradeCheck = 1540;
				TargetAttributes = {
					BCD9CB312C117B7F00FC0C57 = {
						CreatedOnToolsVersion = 15.4;
					};
				};
			};
			buildConfigurationList = BCD9CB2D2C117B7F00FC0C57 /* Build configuration list for PBXProject "Damagochi" */;
			compatibilityVersion = "Xcode 14.0";
			developmentRegion = en;
			hasScannedForEncodings = 0;
			knownRegions = (
				en,
				Base,
			);
			mainGroup = BCD9CB292C117B7F00FC0C57;
			packageReferences = (
				BCD9CB5D2C11A37C00FC0C57 /* XCRemoteSwiftPackageReference "SnapKit" */,
				BCD9CB682C11ADA000FC0C57 /* XCRemoteSwiftPackageReference "Kingfisher" */,
				BCD9CB6F2C11C36D00FC0C57 /* XCRemoteSwiftPackageReference "Then" */,
			);
			productRefGroup = BCD9CB332C117B7F00FC0C57 /* Products */;
			projectDirPath = "";
			projectRoot = "";
			targets = (
				BCD9CB312C117B7F00FC0C57 /* Damagochi */,
			);
		};
/* End PBXProject section */

/* Begin PBXResourcesBuildPhase section */
		BCD9CB302C117B7F00FC0C57 /* Resources */ = {
			isa = PBXResourcesBuildPhase;
			buildActionMask = 2147483647;
			files = (
				BCD9CB3F2C117B8000FC0C57 /* Assets.xcassets in Resources */,
				BCD9CB4A2C117ECD00FC0C57 /* .gitignore in Resources */,
				BCD9CB422C117B8000FC0C57 /* Base in Resources */,
			);
			runOnlyForDeploymentPostprocessing = 0;
		};
/* End PBXResourcesBuildPhase section */

/* Begin PBXSourcesBuildPhase section */
		BCD9CB2E2C117B7F00FC0C57 /* Sources */ = {
			isa = PBXSourcesBuildPhase;
			buildActionMask = 2147483647;
			files = (
				BCD9CB772C12DDFD00FC0C57 /* UIViewController+Extension.swift in Sources */,
				BCD9CB652C11A82600FC0C57 /* ViewController.swift in Sources */,
				BCD9CB6E2C11C2D300FC0C57 /* SelectCollectionViewCell.swift in Sources */,
				BCD9CB752C12DCDF00FC0C57 /* ViewUIValue.swift in Sources */,
				BCD9CB4D2C11831200FC0C57 /* ReusableIdentifier.swift in Sources */,
				BCD9CB812C13248300FC0C57 /* State.swift in Sources */,
				BCD9CB362C117B7F00FC0C57 /* AppDelegate.swift in Sources */,
				BCD9CB382C117B7F00FC0C57 /* SceneDelegate.swift in Sources */,
				BCD9CB6C2C11BF0000FC0C57 /* SelectViewController.swift in Sources */,
				BCD9CB5C2C11A2A900FC0C57 /* SelectViewTable.swift in Sources */,
				BCD9CB512C11838600FC0C57 /* APIKey.swift in Sources */,
				BCD9CB532C1183A800FC0C57 /* CodeBaseUI.swift in Sources */,
				BCD9CB792C12E4C500FC0C57 /* SelectedItemViewController.swift in Sources */,
				BCD9CB672C11AACC00FC0C57 /* SelectTableViewCell.swift in Sources */,
				BCD9CB4F2C11834400FC0C57 /* ViewTransition.swift in Sources */,
				BCD9CB612C11A48300FC0C57 /* Damagochi.swift in Sources */,
				BCD9CB7B2C12F62100FC0C57 /* MainViewController.swift in Sources */,
				BCD9CB7F2C13213900FC0C57 /* UserDefaultsManger.swift in Sources */,
				BCD9CB732C12D75900FC0C57 /* Error.swift in Sources */,
				BCD9CB632C11A63500FC0C57 /* UIValue.swift in Sources */,
				BCD9CB7D2C12F6B800FC0C57 /* User.swift in Sources */,
			);
			runOnlyForDeploymentPostprocessing = 0;
		};
/* End PBXSourcesBuildPhase section */

/* Begin PBXVariantGroup section */
		BCD9CB402C117B8000FC0C57 /* LaunchScreen.storyboard */ = {
			isa = PBXVariantGroup;
			children = (
				BCD9CB412C117B8000FC0C57 /* Base */,
			);
			name = LaunchScreen.storyboard;
			sourceTree = "<group>";
		};
/* End PBXVariantGroup section */

/* Begin XCBuildConfiguration section */
		BCD9CB442C117B8000FC0C57 /* Debug */ = {
			isa = XCBuildConfiguration;
			buildSettings = {
				ALWAYS_SEARCH_USER_PATHS = NO;
				ASSETCATALOG_COMPILER_GENERATE_SWIFT_ASSET_SYMBOL_EXTENSIONS = YES;
				CLANG_ANALYZER_NONNULL = YES;
				CLANG_ANALYZER_NUMBER_OBJECT_CONVERSION = YES_AGGRESSIVE;
				CLANG_CXX_LANGUAGE_STANDARD = "gnu++20";
				CLANG_ENABLE_MODULES = YES;
				CLANG_ENABLE_OBJC_ARC = YES;
				CLANG_ENABLE_OBJC_WEAK = YES;
				CLANG_WARN_BLOCK_CAPTURE_AUTORELEASING = YES;
				CLANG_WARN_BOOL_CONVERSION = YES;
				CLANG_WARN_COMMA = YES;
				CLANG_WARN_CONSTANT_CONVERSION = YES;
				CLANG_WARN_DEPRECATED_OBJC_IMPLEMENTATIONS = YES;
				CLANG_WARN_DIRECT_OBJC_ISA_USAGE = YES_ERROR;
				CLANG_WARN_DOCUMENTATION_COMMENTS = YES;
				CLANG_WARN_EMPTY_BODY = YES;
				CLANG_WARN_ENUM_CONVERSION = YES;
				CLANG_WARN_INFINITE_RECURSION = YES;
				CLANG_WARN_INT_CONVERSION = YES;
				CLANG_WARN_NON_LITERAL_NULL_CONVERSION = YES;
				CLANG_WARN_OBJC_IMPLICIT_RETAIN_SELF = YES;
				CLANG_WARN_OBJC_LITERAL_CONVERSION = YES;
				CLANG_WARN_OBJC_ROOT_CLASS = YES_ERROR;
				CLANG_WARN_QUOTED_INCLUDE_IN_FRAMEWORK_HEADER = YES;
				CLANG_WARN_RANGE_LOOP_ANALYSIS = YES;
				CLANG_WARN_STRICT_PROTOTYPES = YES;
				CLANG_WARN_SUSPICIOUS_MOVE = YES;
				CLANG_WARN_UNGUARDED_AVAILABILITY = YES_AGGRESSIVE;
				CLANG_WARN_UNREACHABLE_CODE = YES;
				CLANG_WARN__DUPLICATE_METHOD_MATCH = YES;
				COPY_PHASE_STRIP = NO;
				DEBUG_INFORMATION_FORMAT = dwarf;
				ENABLE_STRICT_OBJC_MSGSEND = YES;
				ENABLE_TESTABILITY = YES;
				ENABLE_USER_SCRIPT_SANDBOXING = YES;
				GCC_C_LANGUAGE_STANDARD = gnu17;
				GCC_DYNAMIC_NO_PIC = NO;
				GCC_NO_COMMON_BLOCKS = YES;
				GCC_OPTIMIZATION_LEVEL = 0;
				GCC_PREPROCESSOR_DEFINITIONS = (
					"DEBUG=1",
					"$(inherited)",
				);
				GCC_WARN_64_TO_32_BIT_CONVERSION = YES;
				GCC_WARN_ABOUT_RETURN_TYPE = YES_ERROR;
				GCC_WARN_UNDECLARED_SELECTOR = YES;
				GCC_WARN_UNINITIALIZED_AUTOS = YES_AGGRESSIVE;
				GCC_WARN_UNUSED_FUNCTION = YES;
				GCC_WARN_UNUSED_VARIABLE = YES;
				IPHONEOS_DEPLOYMENT_TARGET = 17.5;
				LOCALIZATION_PREFERS_STRING_CATALOGS = YES;
				MTL_ENABLE_DEBUG_INFO = INCLUDE_SOURCE;
				MTL_FAST_MATH = YES;
				ONLY_ACTIVE_ARCH = YES;
				SDKROOT = iphoneos;
				SWIFT_ACTIVE_COMPILATION_CONDITIONS = "DEBUG $(inherited)";
				SWIFT_OPTIMIZATION_LEVEL = "-Onone";
			};
			name = Debug;
		};
		BCD9CB452C117B8000FC0C57 /* Release */ = {
			isa = XCBuildConfiguration;
			buildSettings = {
				ALWAYS_SEARCH_USER_PATHS = NO;
				ASSETCATALOG_COMPILER_GENERATE_SWIFT_ASSET_SYMBOL_EXTENSIONS = YES;
				CLANG_ANALYZER_NONNULL = YES;
				CLANG_ANALYZER_NUMBER_OBJECT_CONVERSION = YES_AGGRESSIVE;
				CLANG_CXX_LANGUAGE_STANDARD = "gnu++20";
				CLANG_ENABLE_MODULES = YES;
				CLANG_ENABLE_OBJC_ARC = YES;
				CLANG_ENABLE_OBJC_WEAK = YES;
				CLANG_WARN_BLOCK_CAPTURE_AUTORELEASING = YES;
				CLANG_WARN_BOOL_CONVERSION = YES;
				CLANG_WARN_COMMA = YES;
				CLANG_WARN_CONSTANT_CONVERSION = YES;
				CLANG_WARN_DEPRECATED_OBJC_IMPLEMENTATIONS = YES;
				CLANG_WARN_DIRECT_OBJC_ISA_USAGE = YES_ERROR;
				CLANG_WARN_DOCUMENTATION_COMMENTS = YES;
				CLANG_WARN_EMPTY_BODY = YES;
				CLANG_WARN_ENUM_CONVERSION = YES;
				CLANG_WARN_INFINITE_RECURSION = YES;
				CLANG_WARN_INT_CONVERSION = YES;
				CLANG_WARN_NON_LITERAL_NULL_CONVERSION = YES;
				CLANG_WARN_OBJC_IMPLICIT_RETAIN_SELF = YES;
				CLANG_WARN_OBJC_LITERAL_CONVERSION = YES;
				CLANG_WARN_OBJC_ROOT_CLASS = YES_ERROR;
				CLANG_WARN_QUOTED_INCLUDE_IN_FRAMEWORK_HEADER = YES;
				CLANG_WARN_RANGE_LOOP_ANALYSIS = YES;
				CLANG_WARN_STRICT_PROTOTYPES = YES;
				CLANG_WARN_SUSPICIOUS_MOVE = YES;
				CLANG_WARN_UNGUARDED_AVAILABILITY = YES_AGGRESSIVE;
				CLANG_WARN_UNREACHABLE_CODE = YES;
				CLANG_WARN__DUPLICATE_METHOD_MATCH = YES;
				COPY_PHASE_STRIP = NO;
				DEBUG_INFORMATION_FORMAT = "dwarf-with-dsym";
				ENABLE_NS_ASSERTIONS = NO;
				ENABLE_STRICT_OBJC_MSGSEND = YES;
				ENABLE_USER_SCRIPT_SANDBOXING = YES;
				GCC_C_LANGUAGE_STANDARD = gnu17;
				GCC_NO_COMMON_BLOCKS = YES;
				GCC_WARN_64_TO_32_BIT_CONVERSION = YES;
				GCC_WARN_ABOUT_RETURN_TYPE = YES_ERROR;
				GCC_WARN_UNDECLARED_SELECTOR = YES;
				GCC_WARN_UNINITIALIZED_AUTOS = YES_AGGRESSIVE;
				GCC_WARN_UNUSED_FUNCTION = YES;
				GCC_WARN_UNUSED_VARIABLE = YES;
				IPHONEOS_DEPLOYMENT_TARGET = 17.5;
				LOCALIZATION_PREFERS_STRING_CATALOGS = YES;
				MTL_ENABLE_DEBUG_INFO = NO;
				MTL_FAST_MATH = YES;
				SDKROOT = iphoneos;
				SWIFT_COMPILATION_MODE = wholemodule;
				VALIDATE_PRODUCT = YES;
			};
			name = Release;
		};
		BCD9CB472C117B8000FC0C57 /* Debug */ = {
			isa = XCBuildConfiguration;
			buildSettings = {
				ASSETCATALOG_COMPILER_APPICON_NAME = AppIcon;
				ASSETCATALOG_COMPILER_GLOBAL_ACCENT_COLOR_NAME = AccentColor;
				CODE_SIGN_STYLE = Automatic;
				CURRENT_PROJECT_VERSION = 1;
				GENERATE_INFOPLIST_FILE = YES;
				INFOPLIST_FILE = Damagochi/Info.plist;
				INFOPLIST_KEY_UIApplicationSupportsIndirectInputEvents = YES;
				INFOPLIST_KEY_UILaunchStoryboardName = LaunchScreen;
				INFOPLIST_KEY_UISupportedInterfaceOrientations = UIInterfaceOrientationPortrait;
				INFOPLIST_KEY_UISupportedInterfaceOrientations_iPad = "";
				IPHONEOS_DEPLOYMENT_TARGET = 15.0;
				LD_RUNPATH_SEARCH_PATHS = (
					"$(inherited)",
					"@executable_path/Frameworks",
				);
				MARKETING_VERSION = 1.0;
				PRODUCT_BUNDLE_IDENTIFIER = tunastorm.Damagochi;
				PRODUCT_NAME = "$(TARGET_NAME)";
				SUPPORTED_PLATFORMS = "iphoneos iphonesimulator";
				SUPPORTS_MACCATALYST = NO;
				SUPPORTS_MAC_DESIGNED_FOR_IPHONE_IPAD = NO;
				SUPPORTS_XR_DESIGNED_FOR_IPHONE_IPAD = NO;
				SWIFT_EMIT_LOC_STRINGS = YES;
				SWIFT_VERSION = 5.0;
				TARGETED_DEVICE_FAMILY = 1;
			};
			name = Debug;
		};
		BCD9CB482C117B8000FC0C57 /* Release */ = {
			isa = XCBuildConfiguration;
			buildSettings = {
				ASSETCATALOG_COMPILER_APPICON_NAME = AppIcon;
				ASSETCATALOG_COMPILER_GLOBAL_ACCENT_COLOR_NAME = AccentColor;
				CODE_SIGN_STYLE = Automatic;
				CURRENT_PROJECT_VERSION = 1;
				GENERATE_INFOPLIST_FILE = YES;
				INFOPLIST_FILE = Damagochi/Info.plist;
				INFOPLIST_KEY_UIApplicationSupportsIndirectInputEvents = YES;
				INFOPLIST_KEY_UILaunchStoryboardName = LaunchScreen;
				INFOPLIST_KEY_UISupportedInterfaceOrientations = UIInterfaceOrientationPortrait;
				INFOPLIST_KEY_UISupportedInterfaceOrientations_iPad = "";
				IPHONEOS_DEPLOYMENT_TARGET = 15.0;
				LD_RUNPATH_SEARCH_PATHS = (
					"$(inherited)",
					"@executable_path/Frameworks",
				);
				MARKETING_VERSION = 1.0;
				PRODUCT_BUNDLE_IDENTIFIER = tunastorm.Damagochi;
				PRODUCT_NAME = "$(TARGET_NAME)";
				SUPPORTED_PLATFORMS = "iphoneos iphonesimulator";
				SUPPORTS_MACCATALYST = NO;
				SUPPORTS_MAC_DESIGNED_FOR_IPHONE_IPAD = NO;
				SUPPORTS_XR_DESIGNED_FOR_IPHONE_IPAD = NO;
				SWIFT_EMIT_LOC_STRINGS = YES;
				SWIFT_VERSION = 5.0;
				TARGETED_DEVICE_FAMILY = 1;
			};
			name = Release;
		};
/* End XCBuildConfiguration section */

/* Begin XCConfigurationList section */
		BCD9CB2D2C117B7F00FC0C57 /* Build configuration list for PBXProject "Damagochi" */ = {
			isa = XCConfigurationList;
			buildConfigurations = (
				BCD9CB442C117B8000FC0C57 /* Debug */,
				BCD9CB452C117B8000FC0C57 /* Release */,
			);
			defaultConfigurationIsVisible = 0;
			defaultConfigurationName = Release;
		};
		BCD9CB462C117B8000FC0C57 /* Build configuration list for PBXNativeTarget "Damagochi" */ = {
			isa = XCConfigurationList;
			buildConfigurations = (
				BCD9CB472C117B8000FC0C57 /* Debug */,
				BCD9CB482C117B8000FC0C57 /* Release */,
			);
			defaultConfigurationIsVisible = 0;
			defaultConfigurationName = Release;
		};
/* End XCConfigurationList section */

/* Begin XCRemoteSwiftPackageReference section */
		BCD9CB5D2C11A37C00FC0C57 /* XCRemoteSwiftPackageReference "SnapKit" */ = {
			isa = XCRemoteSwiftPackageReference;
			repositoryURL = "https://github.com/SnapKit/SnapKit.git";
			requirement = {
				kind = upToNextMajorVersion;
				minimumVersion = 5.7.1;
			};
		};
		BCD9CB682C11ADA000FC0C57 /* XCRemoteSwiftPackageReference "Kingfisher" */ = {
			isa = XCRemoteSwiftPackageReference;
			repositoryURL = "https://github.com/onevcat/Kingfisher.git";
			requirement = {
				kind = upToNextMajorVersion;
				minimumVersion = 7.11.0;
			};
		};
		BCD9CB6F2C11C36D00FC0C57 /* XCRemoteSwiftPackageReference "Then" */ = {
			isa = XCRemoteSwiftPackageReference;
			repositoryURL = "https://github.com/devxoul/Then.git";
			requirement = {
				kind = upToNextMajorVersion;
				minimumVersion = 3.0.0;
			};
		};
/* End XCRemoteSwiftPackageReference section */

/* Begin XCSwiftPackageProductDependency section */
		BCD9CB5E2C11A37C00FC0C57 /* SnapKit */ = {
			isa = XCSwiftPackageProductDependency;
			package = BCD9CB5D2C11A37C00FC0C57 /* XCRemoteSwiftPackageReference "SnapKit" */;
			productName = SnapKit;
		};
		BCD9CB692C11ADA000FC0C57 /* Kingfisher */ = {
			isa = XCSwiftPackageProductDependency;
			package = BCD9CB682C11ADA000FC0C57 /* XCRemoteSwiftPackageReference "Kingfisher" */;
			productName = Kingfisher;
		};
		BCD9CB702C11C36D00FC0C57 /* Then */ = {
			isa = XCSwiftPackageProductDependency;
			package = BCD9CB6F2C11C36D00FC0C57 /* XCRemoteSwiftPackageReference "Then" */;
			productName = Then;
		};
/* End XCSwiftPackageProductDependency section */
	};
	rootObject = BCD9CB2A2C117B7F00FC0C57 /* Project object */;
}
